
Microsoft Visual Studio Solution File, Format Version 12.00
# Visual Studio 15
VisualStudioVersion = 15.0.28307.1684
MinimumVisualStudioVersion = 10.0.40219.1
Project("{FAE04EC0-301F-11D3-BF4B-00C04F79EFBC}") = "CeFCall", "CeFCall\CeFCall.csproj", "{A64328E4-503E-4B68-8087-EF9E7926A582}"
EndProject
Global
	GlobalSection(SolutionConfigurationPlatforms) = preSolution
		Debug|Any CPU = Debug|Any CPU
		Release|Any CPU = Release|Any CPU
	EndGlobalSection
	GlobalSection(ProjectConfigurationPlatforms) = postSolution
		{A64328E4-503E-4B68-8087-EF9E7926A582}.Debug|Any CPU.ActiveCfg = Debug|Any CPU
		{A64328E4-503E-4B68-8087-EF9E7926A582}.Debug|Any CPU.Build.0 = Debug|Any CPU
		{A64328E4-503E-4B68-8087-EF9E7926A582}.Release|Any CPU.ActiveCfg = Release|Any CPU
		{A64328E4-503E-4B68-8087-EF9E7926A582}.Release|Any CPU.Build.0 = Release|Any CPU
	EndGlobalSection
	GlobalSection(SolutionProperties) = preSolution
		HideSolutionNode = FALSE
	EndGlobalSection
	GlobalSection(ExtensibilityGlobals) = postSolution
		SolutionGuid = {C9EE51C5-CB89-4787-A3E8-12CCF7AAA74E}
	EndGlobalSection
EndGlobal
