
Microsoft Visual Studio Solution File, Format Version 12.00
# Visual Studio Version 17
VisualStudioVersion = 17.6.33829.357
MinimumVisualStudioVersion = 10.0.40219.1
Project("{FAE04EC0-301F-11D3-BF4B-00C04F79EFBC}") = "CeFEmulator", "CeFEmulator\CeFEmulator.csproj", "{FC3C5461-E448-43CA-9748-811F12A8C561}"
EndProject
Project("{FAE04EC0-301F-11D3-BF4B-00C04F79EFBC}") = "CeFCall", "CeFCall\CeFCall.csproj", "{446EEA27-29C9-4234-B5C6-A4A6DC25BC2C}"
EndProject
Project("{FAE04EC0-301F-11D3-BF4B-00C04F79EFBC}") = "UnitTestProject", "UnitTestProject\UnitTestProject.csproj", "{3F126CC9-14ED-4174-BC5C-3D91190DD2F7}"
EndProject
Global
	GlobalSection(SolutionConfigurationPlatforms) = preSolution
		Debug|Any CPU = Debug|Any CPU
		Debug|x64 = Debug|x64
		Release|Any CPU = Release|Any CPU
		Release|x64 = Release|x64
	EndGlobalSection
	GlobalSection(ProjectConfigurationPlatforms) = postSolution
		{FC3C5461-E448-43CA-9748-811F12A8C561}.Debug|Any CPU.ActiveCfg = Debug|Any CPU
		{FC3C5461-E448-43CA-9748-811F12A8C561}.Debug|Any CPU.Build.0 = Debug|Any CPU
		{FC3C5461-E448-43CA-9748-811F12A8C561}.Debug|x64.ActiveCfg = Debug|Any CPU
		{FC3C5461-E448-43CA-9748-811F12A8C561}.Debug|x64.Build.0 = Debug|Any CPU
		{FC3C5461-E448-43CA-9748-811F12A8C561}.Release|Any CPU.ActiveCfg = Release|Any CPU
		{FC3C5461-E448-43CA-9748-811F12A8C561}.Release|Any CPU.Build.0 = Release|Any CPU
		{FC3C5461-E448-43CA-9748-811F12A8C561}.Release|x64.ActiveCfg = Release|Any CPU
		{FC3C5461-E448-43CA-9748-811F12A8C561}.Release|x64.Build.0 = Release|Any CPU
		{446EEA27-29C9-4234-B5C6-A4A6DC25BC2C}.Debug|Any CPU.ActiveCfg = Debug|Any CPU
		{446EEA27-29C9-4234-B5C6-A4A6DC25BC2C}.Debug|Any CPU.Build.0 = Debug|Any CPU
		{446EEA27-29C9-4234-B5C6-A4A6DC25BC2C}.Debug|x64.ActiveCfg = Debug|Any CPU
		{446EEA27-29C9-4234-B5C6-A4A6DC25BC2C}.Debug|x64.Build.0 = Debug|Any CPU
		{446EEA27-29C9-4234-B5C6-A4A6DC25BC2C}.Release|Any CPU.ActiveCfg = Release|Any CPU
		{446EEA27-29C9-4234-B5C6-A4A6DC25BC2C}.Release|Any CPU.Build.0 = Release|Any CPU
		{446EEA27-29C9-4234-B5C6-A4A6DC25BC2C}.Release|x64.ActiveCfg = Release|Any CPU
		{446EEA27-29C9-4234-B5C6-A4A6DC25BC2C}.Release|x64.Build.0 = Release|Any CPU
		{3F126CC9-14ED-4174-BC5C-3D91190DD2F7}.Debug|Any CPU.ActiveCfg = Debug|Any CPU
		{3F126CC9-14ED-4174-BC5C-3D91190DD2F7}.Debug|Any CPU.Build.0 = Debug|Any CPU
		{3F126CC9-14ED-4174-BC5C-3D91190DD2F7}.Debug|x64.ActiveCfg = Debug|Any CPU
		{3F126CC9-14ED-4174-BC5C-3D91190DD2F7}.Debug|x64.Build.0 = Debug|Any CPU
		{3F126CC9-14ED-4174-BC5C-3D91190DD2F7}.Release|Any CPU.ActiveCfg = Release|Any CPU
		{3F126CC9-14ED-4174-BC5C-3D91190DD2F7}.Release|Any CPU.Build.0 = Release|Any CPU
		{3F126CC9-14ED-4174-BC5C-3D91190DD2F7}.Release|x64.ActiveCfg = Release|Any CPU
		{3F126CC9-14ED-4174-BC5C-3D91190DD2F7}.Release|x64.Build.0 = Release|Any CPU
	EndGlobalSection
	GlobalSection(SolutionProperties) = preSolution
		HideSolutionNode = FALSE
	EndGlobalSection
	GlobalSection(ExtensibilityGlobals) = postSolution
		SolutionGuid = {C9EE51C5-CB89-4787-A3E8-12CCF7AAA74E}
	EndGlobalSection
EndGlobal
